
Microsoft Visual Studio Solution File, Format Version 12.00
# Visual Studio Version 16
VisualStudioVersion = 16.0.30011.22
MinimumVisualStudioVersion = 10.0.40219.1
Project("{8BC9CEB8-8B4A-11D0-8D11-00A0C91BC942}") = "SimpleApp", "SimpleApp\SimpleApp.vcxproj", "{FFD9F00C-6DBE-4A02-AEC9-D0161F5C04A3}"
	ProjectSection(ProjectDependencies) = postProject
		{688FEE63-5B07-4AD1-BDBD-240D3746FCC0} = {688FEE63-5B07-4AD1-BDBD-240D3746FCC0}
	EndProjectSection
EndProject
Project("{8BC9CEB8-8B4A-11D0-8D11-00A0C91BC942}") = "UWPControl", "UWPControl\UWPControl.vcxproj", "{688FEE63-5B07-4AD1-BDBD-240D3746FCC0}"
EndProject
Project("{2150E333-8FDC-42A3-9474-1A3956D46DE8}") = "Solution Items", "Solution Items", "{2A055931-8353-40A3-8867-F1EEC90FE4E6}"
	ProjectSection(SolutionItems) = preProject
		Solution.props = Solution.props
	EndProjectSection
EndProject
Project("{FAE04EC0-301F-11D3-BF4B-00C04F79EFBC}") = "WinUIControl", "WinUIControl\WinUIControl.csproj", "{D7F97FFB-A225-4028-A164-F5C3521C456A}"
EndProject
Project("{8BC9CEB8-8B4A-11D0-8D11-00A0C91BC942}") = "ModernUI3", "..\ColorPickerSample\ModernUI3\ModernUI3.vcxproj", "{EB1356A6-58B4-46BC-8DBD-AC821AF7528B}"
EndProject
Project("{FAE04EC0-301F-11D3-BF4B-00C04F79EFBC}") = "WinUIControl.Runner", "WinUIControl.Runner\WinUIControl.Runner.csproj", "{601A78D2-BFA8-4232-B93F-79F2C193BA51}"
EndProject
Global
	GlobalSection(SolutionConfigurationPlatforms) = preSolution
		Debug|ARM = Debug|ARM
		Debug|ARM64 = Debug|ARM64
		Debug|x64 = Debug|x64
		Debug|x86 = Debug|x86
		Release|ARM = Release|ARM
		Release|ARM64 = Release|ARM64
		Release|x64 = Release|x64
		Release|x86 = Release|x86
	EndGlobalSection
	GlobalSection(ProjectConfigurationPlatforms) = postSolution
		{FFD9F00C-6DBE-4A02-AEC9-D0161F5C04A3}.Debug|ARM.ActiveCfg = Debug|Win32
		{FFD9F00C-6DBE-4A02-AEC9-D0161F5C04A3}.Debug|ARM64.ActiveCfg = Debug|Win32
		{FFD9F00C-6DBE-4A02-AEC9-D0161F5C04A3}.Debug|x64.ActiveCfg = Debug|x64
		{FFD9F00C-6DBE-4A02-AEC9-D0161F5C04A3}.Debug|x64.Build.0 = Debug|x64
		{FFD9F00C-6DBE-4A02-AEC9-D0161F5C04A3}.Debug|x86.ActiveCfg = Debug|Win32
		{FFD9F00C-6DBE-4A02-AEC9-D0161F5C04A3}.Debug|x86.Build.0 = Debug|Win32
		{FFD9F00C-6DBE-4A02-AEC9-D0161F5C04A3}.Release|ARM.ActiveCfg = Release|Win32
		{FFD9F00C-6DBE-4A02-AEC9-D0161F5C04A3}.Release|ARM64.ActiveCfg = Release|Win32
		{FFD9F00C-6DBE-4A02-AEC9-D0161F5C04A3}.Release|x64.ActiveCfg = Release|x64
		{FFD9F00C-6DBE-4A02-AEC9-D0161F5C04A3}.Release|x64.Build.0 = Release|x64
		{FFD9F00C-6DBE-4A02-AEC9-D0161F5C04A3}.Release|x86.ActiveCfg = Release|Win32
		{FFD9F00C-6DBE-4A02-AEC9-D0161F5C04A3}.Release|x86.Build.0 = Release|Win32
		{688FEE63-5B07-4AD1-BDBD-240D3746FCC0}.Debug|ARM.ActiveCfg = Debug|ARM
		{688FEE63-5B07-4AD1-BDBD-240D3746FCC0}.Debug|ARM.Build.0 = Debug|ARM
		{688FEE63-5B07-4AD1-BDBD-240D3746FCC0}.Debug|ARM.Deploy.0 = Debug|ARM
		{688FEE63-5B07-4AD1-BDBD-240D3746FCC0}.Debug|ARM64.ActiveCfg = Debug|Win32
		{688FEE63-5B07-4AD1-BDBD-240D3746FCC0}.Debug|x64.ActiveCfg = Debug|x64
		{688FEE63-5B07-4AD1-BDBD-240D3746FCC0}.Debug|x64.Build.0 = Debug|x64
		{688FEE63-5B07-4AD1-BDBD-240D3746FCC0}.Debug|x64.Deploy.0 = Debug|x64
		{688FEE63-5B07-4AD1-BDBD-240D3746FCC0}.Debug|x86.ActiveCfg = Debug|Win32
		{688FEE63-5B07-4AD1-BDBD-240D3746FCC0}.Debug|x86.Build.0 = Debug|Win32
		{688FEE63-5B07-4AD1-BDBD-240D3746FCC0}.Debug|x86.Deploy.0 = Debug|Win32
		{688FEE63-5B07-4AD1-BDBD-240D3746FCC0}.Release|ARM.ActiveCfg = Release|ARM
		{688FEE63-5B07-4AD1-BDBD-240D3746FCC0}.Release|ARM.Build.0 = Release|ARM
		{688FEE63-5B07-4AD1-BDBD-240D3746FCC0}.Release|ARM.Deploy.0 = Release|ARM
		{688FEE63-5B07-4AD1-BDBD-240D3746FCC0}.Release|ARM64.ActiveCfg = Release|Win32
		{688FEE63-5B07-4AD1-BDBD-240D3746FCC0}.Release|x64.ActiveCfg = Release|x64
		{688FEE63-5B07-4AD1-BDBD-240D3746FCC0}.Release|x64.Build.0 = Release|x64
		{688FEE63-5B07-4AD1-BDBD-240D3746FCC0}.Release|x64.Deploy.0 = Release|x64
		{688FEE63-5B07-4AD1-BDBD-240D3746FCC0}.Release|x86.ActiveCfg = Release|Win32
		{688FEE63-5B07-4AD1-BDBD-240D3746FCC0}.Release|x86.Build.0 = Release|Win32
		{688FEE63-5B07-4AD1-BDBD-240D3746FCC0}.Release|x86.Deploy.0 = Release|Win32
		{D7F97FFB-A225-4028-A164-F5C3521C456A}.Debug|ARM.ActiveCfg = Debug|ARM
		{D7F97FFB-A225-4028-A164-F5C3521C456A}.Debug|ARM.Build.0 = Debug|ARM
		{D7F97FFB-A225-4028-A164-F5C3521C456A}.Debug|ARM64.ActiveCfg = Debug|ARM64
		{D7F97FFB-A225-4028-A164-F5C3521C456A}.Debug|ARM64.Build.0 = Debug|ARM64
		{D7F97FFB-A225-4028-A164-F5C3521C456A}.Debug|x64.ActiveCfg = Debug|x64
		{D7F97FFB-A225-4028-A164-F5C3521C456A}.Debug|x64.Build.0 = Debug|x64
		{D7F97FFB-A225-4028-A164-F5C3521C456A}.Debug|x86.ActiveCfg = Debug|x86
		{D7F97FFB-A225-4028-A164-F5C3521C456A}.Debug|x86.Build.0 = Debug|x86
		{D7F97FFB-A225-4028-A164-F5C3521C456A}.Release|ARM.ActiveCfg = Release|ARM
		{D7F97FFB-A225-4028-A164-F5C3521C456A}.Release|ARM.Build.0 = Release|ARM
		{D7F97FFB-A225-4028-A164-F5C3521C456A}.Release|ARM64.ActiveCfg = Release|ARM64
		{D7F97FFB-A225-4028-A164-F5C3521C456A}.Release|ARM64.Build.0 = Release|ARM64
		{D7F97FFB-A225-4028-A164-F5C3521C456A}.Release|x64.ActiveCfg = Release|x64
		{D7F97FFB-A225-4028-A164-F5C3521C456A}.Release|x64.Build.0 = Release|x64
		{D7F97FFB-A225-4028-A164-F5C3521C456A}.Release|x86.ActiveCfg = Release|x86
		{D7F97FFB-A225-4028-A164-F5C3521C456A}.Release|x86.Build.0 = Release|x86
		{EB1356A6-58B4-46BC-8DBD-AC821AF7528B}.Debug|ARM.ActiveCfg = Debug|ARM
		{EB1356A6-58B4-46BC-8DBD-AC821AF7528B}.Debug|ARM.Build.0 = Debug|ARM
		{EB1356A6-58B4-46BC-8DBD-AC821AF7528B}.Debug|ARM64.ActiveCfg = Debug|Win32
		{EB1356A6-58B4-46BC-8DBD-AC821AF7528B}.Debug|x64.ActiveCfg = Debug|x64
		{EB1356A6-58B4-46BC-8DBD-AC821AF7528B}.Debug|x64.Build.0 = Debug|x64
		{EB1356A6-58B4-46BC-8DBD-AC821AF7528B}.Debug|x86.ActiveCfg = Debug|Win32
		{EB1356A6-58B4-46BC-8DBD-AC821AF7528B}.Debug|x86.Build.0 = Debug|Win32
		{EB1356A6-58B4-46BC-8DBD-AC821AF7528B}.Release|ARM.ActiveCfg = Release|ARM
		{EB1356A6-58B4-46BC-8DBD-AC821AF7528B}.Release|ARM.Build.0 = Release|ARM
		{EB1356A6-58B4-46BC-8DBD-AC821AF7528B}.Release|ARM64.ActiveCfg = Release|Win32
		{EB1356A6-58B4-46BC-8DBD-AC821AF7528B}.Release|x64.ActiveCfg = Release|x64
		{EB1356A6-58B4-46BC-8DBD-AC821AF7528B}.Release|x64.Build.0 = Release|x64
		{EB1356A6-58B4-46BC-8DBD-AC821AF7528B}.Release|x86.ActiveCfg = Release|Win32
		{EB1356A6-58B4-46BC-8DBD-AC821AF7528B}.Release|x86.Build.0 = Release|Win32
		{601A78D2-BFA8-4232-B93F-79F2C193BA51}.Debug|ARM.ActiveCfg = Debug|x86
		{601A78D2-BFA8-4232-B93F-79F2C193BA51}.Debug|ARM64.ActiveCfg = Debug|x86
		{601A78D2-BFA8-4232-B93F-79F2C193BA51}.Debug|x64.ActiveCfg = Debug|x64
		{601A78D2-BFA8-4232-B93F-79F2C193BA51}.Debug|x64.Build.0 = Debug|x64
		{601A78D2-BFA8-4232-B93F-79F2C193BA51}.Debug|x64.Deploy.0 = Debug|x64
		{601A78D2-BFA8-4232-B93F-79F2C193BA51}.Debug|x86.ActiveCfg = Debug|x86
		{601A78D2-BFA8-4232-B93F-79F2C193BA51}.Debug|x86.Build.0 = Debug|x86
		{601A78D2-BFA8-4232-B93F-79F2C193BA51}.Debug|x86.Deploy.0 = Debug|x86
		{601A78D2-BFA8-4232-B93F-79F2C193BA51}.Release|ARM.ActiveCfg = Release|x86
		{601A78D2-BFA8-4232-B93F-79F2C193BA51}.Release|ARM64.ActiveCfg = Release|x86
		{601A78D2-BFA8-4232-B93F-79F2C193BA51}.Release|x64.ActiveCfg = Release|x64
		{601A78D2-BFA8-4232-B93F-79F2C193BA51}.Release|x64.Build.0 = Release|x64
		{601A78D2-BFA8-4232-B93F-79F2C193BA51}.Release|x64.Deploy.0 = Release|x64
		{601A78D2-BFA8-4232-B93F-79F2C193BA51}.Release|x86.ActiveCfg = Release|x86
		{601A78D2-BFA8-4232-B93F-79F2C193BA51}.Release|x86.Build.0 = Release|x86
		{601A78D2-BFA8-4232-B93F-79F2C193BA51}.Release|x86.Deploy.0 = Release|x86
	EndGlobalSection
	GlobalSection(SolutionProperties) = preSolution
		HideSolutionNode = FALSE
	EndGlobalSection
	GlobalSection(ExtensibilityGlobals) = postSolution
		SolutionGuid = {D84689FB-8022-43DE-9A15-9071E72EE528}
	EndGlobalSection
EndGlobal
